
Microsoft Visual Studio Solution File, Format Version 11.00
# Visual Studio 2010
Project("{FAE04EC0-301F-11D3-BF4B-00C04F79EFBC}") = "Client", "Client\Client.csproj", "{D902B6F8-C7EE-4C1D-86F9-E167E26688C3}"
EndProject
Project("{FAE04EC0-301F-11D3-BF4B-00C04F79EFBC}") = "MsgServer", "Server\MsgServer.csproj", "{718D5EEE-DF3F-4AC3-A4A9-4B7FB478205F}"
EndProject
Project("{FAE04EC0-301F-11D3-BF4B-00C04F79EFBC}") = "FileServer", "FileServer\FileServer.csproj", "{CA876F16-BCE5-4B98-A689-0B56D4A108FE}"
EndProject
Project("{FAE04EC0-301F-11D3-BF4B-00C04F79EFBC}") = "Dispatcher", "Dispatcher\Dispatcher.csproj", "{8B7AA2EA-7F04-4930-9ACB-2B23805C5973}"
EndProject
Global
	GlobalSection(SubversionScc) = preSolution
		Svn-Managed = True
		Manager = AnkhSVN - Subversion Support for Visual Studio
	EndGlobalSection
	GlobalSection(SolutionConfigurationPlatforms) = preSolution
		Debug|x86 = Debug|x86
		Release|x86 = Release|x86
	EndGlobalSection
	GlobalSection(ProjectConfigurationPlatforms) = postSolution
		{D902B6F8-C7EE-4C1D-86F9-E167E26688C3}.Debug|x86.ActiveCfg = Debug|x86
		{D902B6F8-C7EE-4C1D-86F9-E167E26688C3}.Debug|x86.Build.0 = Debug|x86
		{D902B6F8-C7EE-4C1D-86F9-E167E26688C3}.Release|x86.ActiveCfg = Release|x86
		{D902B6F8-C7EE-4C1D-86F9-E167E26688C3}.Release|x86.Build.0 = Release|x86
		{718D5EEE-DF3F-4AC3-A4A9-4B7FB478205F}.Debug|x86.ActiveCfg = Debug|x86
		{718D5EEE-DF3F-4AC3-A4A9-4B7FB478205F}.Debug|x86.Build.0 = Debug|x86
		{718D5EEE-DF3F-4AC3-A4A9-4B7FB478205F}.Release|x86.ActiveCfg = Release|x86
		{718D5EEE-DF3F-4AC3-A4A9-4B7FB478205F}.Release|x86.Build.0 = Release|x86
		{CA876F16-BCE5-4B98-A689-0B56D4A108FE}.Debug|x86.ActiveCfg = Debug|x86
		{CA876F16-BCE5-4B98-A689-0B56D4A108FE}.Debug|x86.Build.0 = Debug|x86
		{CA876F16-BCE5-4B98-A689-0B56D4A108FE}.Release|x86.ActiveCfg = Release|x86
		{CA876F16-BCE5-4B98-A689-0B56D4A108FE}.Release|x86.Build.0 = Release|x86
		{8B7AA2EA-7F04-4930-9ACB-2B23805C5973}.Debug|x86.ActiveCfg = Debug|x86
		{8B7AA2EA-7F04-4930-9ACB-2B23805C5973}.Debug|x86.Build.0 = Debug|x86
		{8B7AA2EA-7F04-4930-9ACB-2B23805C5973}.Release|x86.ActiveCfg = Release|x86
		{8B7AA2EA-7F04-4930-9ACB-2B23805C5973}.Release|x86.Build.0 = Release|x86
	EndGlobalSection
	GlobalSection(SolutionProperties) = preSolution
		HideSolutionNode = FALSE
	EndGlobalSection
EndGlobal
